
Microsoft Visual Studio Solution File, Format Version 12.00
# Visual Studio 15
VisualStudioVersion = 15.0.28307.489
MinimumVisualStudioVersion = 10.0.40219.1
Project("{FAE04EC0-301F-11D3-BF4B-00C04F79EFBC}") = "FarmApp", "FarmApp\FarmApp.csproj", "{EE5984D9-EC9F-4D3E-8E50-FCA02383D772}"
EndProject
Global
	GlobalSection(SolutionConfigurationPlatforms) = preSolution
		Debug|Any CPU = Debug|Any CPU
		Release|Any CPU = Release|Any CPU
	EndGlobalSection
	GlobalSection(ProjectConfigurationPlatforms) = postSolution
		{EE5984D9-EC9F-4D3E-8E50-FCA02383D772}.Debug|Any CPU.ActiveCfg = Debug|Any CPU
		{EE5984D9-EC9F-4D3E-8E50-FCA02383D772}.Debug|Any CPU.Build.0 = Debug|Any CPU
		{EE5984D9-EC9F-4D3E-8E50-FCA02383D772}.Release|Any CPU.ActiveCfg = Release|Any CPU
		{EE5984D9-EC9F-4D3E-8E50-FCA02383D772}.Release|Any CPU.Build.0 = Release|Any CPU
	EndGlobalSection
	GlobalSection(SolutionProperties) = preSolution
		HideSolutionNode = FALSE
	EndGlobalSection
	GlobalSection(ExtensibilityGlobals) = postSolution
		SolutionGuid = {6CD33F48-CD94-4028-B9DB-1D41B852E2AE}
	EndGlobalSection
EndGlobal
